// !$*UTF8*$!
{
	archiveVersion = 1;
	classes = {
	};
	objectVersion = 51;
	objects = {

/* Begin PBXBuildFile section */
		79900C65FEA277D78CAF7B7C /* Pods_inVestCost.framework in Frameworks */ = {isa = PBXBuildFile; fileRef = 836D81E6D99948E464848B8F /* Pods_inVestCost.framework */; };
		B5190A722711A7270037977D /* AppDelegate.swift in Sources */ = {isa = PBXBuildFile; fileRef = B5190A712711A7270037977D /* AppDelegate.swift */; };
		B5190A742711A7270037977D /* SceneDelegate.swift in Sources */ = {isa = PBXBuildFile; fileRef = B5190A732711A7270037977D /* SceneDelegate.swift */; };
		B5190A762711A7270037977D /* Launch.swift in Sources */ = {isa = PBXBuildFile; fileRef = B5190A752711A7270037977D /* Launch.swift */; };
		B5190A792711A7270037977D /* Launch.storyboard in Resources */ = {isa = PBXBuildFile; fileRef = B5190A772711A7270037977D /* Launch.storyboard */; };
		B5190A7B2711A72A0037977D /* Assets.xcassets in Resources */ = {isa = PBXBuildFile; fileRef = B5190A7A2711A72A0037977D /* Assets.xcassets */; };
		B5190A7E2711A72A0037977D /* LaunchScreen.storyboard in Resources */ = {isa = PBXBuildFile; fileRef = B5190A7C2711A72A0037977D /* LaunchScreen.storyboard */; };
		B5190A8A2711A9650037977D /* Geometria-Bold.ttf in Resources */ = {isa = PBXBuildFile; fileRef = B5190A892711A9650037977D /* Geometria-Bold.ttf */; };
		B5190A8C2711A9780037977D /* Geometria-Heavy.ttf in Resources */ = {isa = PBXBuildFile; fileRef = B5190A8B2711A9780037977D /* Geometria-Heavy.ttf */; };
		B5190A8E2711A9820037977D /* Geometria-Light.ttf in Resources */ = {isa = PBXBuildFile; fileRef = B5190A8D2711A9820037977D /* Geometria-Light.ttf */; };
		B5190A902711A98B0037977D /* Geometria-Medium.ttf in Resources */ = {isa = PBXBuildFile; fileRef = B5190A8F2711A98B0037977D /* Geometria-Medium.ttf */; };
		B5190A922711A99C0037977D /* Geometria.ttf in Resources */ = {isa = PBXBuildFile; fileRef = B5190A912711A99C0037977D /* Geometria.ttf */; };
		B5EA76AA2711B64F00AD89C8 /* HomeScreen.swift in Sources */ = {isa = PBXBuildFile; fileRef = B5EA76A92711B64F00AD89C8 /* HomeScreen.swift */; };
		B5EA76AC2711B66100AD89C8 /* HomeScreen.storyboard in Resources */ = {isa = PBXBuildFile; fileRef = B5EA76AB2711B66100AD89C8 /* HomeScreen.storyboard */; };
		B5EA76AF2711B9CA00AD89C8 /* tv.json in Resources */ = {isa = PBXBuildFile; fileRef = B5EA76AE2711B9CA00AD89C8 /* tv.json */; };
		B5EA76B32711D26E00AD89C8 /* WhatIf.swift in Sources */ = {isa = PBXBuildFile; fileRef = B5EA76B22711D26E00AD89C8 /* WhatIf.swift */; };
		B5EA76B52711D2A400AD89C8 /* WhatIf.storyboard in Resources */ = {isa = PBXBuildFile; fileRef = B5EA76B42711D2A400AD89C8 /* WhatIf.storyboard */; };
		B5EA76B82711D94D00AD89C8 /* ModalView.swift in Sources */ = {isa = PBXBuildFile; fileRef = B5EA76B72711D94D00AD89C8 /* ModalView.swift */; };
		B5EA76BA2711DB5A00AD89C8 /* yeah.json in Resources */ = {isa = PBXBuildFile; fileRef = B5EA76B92711DB5A00AD89C8 /* yeah.json */; };
		B5EA76BC2711DC4600AD89C8 /* Theme.swift in Sources */ = {isa = PBXBuildFile; fileRef = B5EA76BB2711DC4600AD89C8 /* Theme.swift */; };
		B5EA76BE2711E32B00AD89C8 /* DataProvider.swift in Sources */ = {isa = PBXBuildFile; fileRef = B5EA76BD2711E32B00AD89C8 /* DataProvider.swift */; };
		B5EA76C02711F00500AD89C8 /* wrong.json in Resources */ = {isa = PBXBuildFile; fileRef = B5EA76BF2711F00500AD89C8 /* wrong.json */; };
		B5EA76C22711F93700AD89C8 /* error.json in Resources */ = {isa = PBXBuildFile; fileRef = B5EA76C12711F93700AD89C8 /* error.json */; };
/* End PBXBuildFile section */

/* Begin PBXFileReference section */
		234EFBB5C696ABC7BE7D4119 /* Pods-inVestCost.debug.xcconfig */ = {isa = PBXFileReference; includeInIndex = 1; lastKnownFileType = text.xcconfig; name = "Pods-inVestCost.debug.xcconfig"; path = "Target Support Files/Pods-inVestCost/Pods-inVestCost.debug.xcconfig"; sourceTree = "<group>"; };
		836D81E6D99948E464848B8F /* Pods_inVestCost.framework */ = {isa = PBXFileReference; explicitFileType = wrapper.framework; includeInIndex = 0; path = Pods_inVestCost.framework; sourceTree = BUILT_PRODUCTS_DIR; };
		B5190A6E2711A7270037977D /* inVestCost.app */ = {isa = PBXFileReference; explicitFileType = wrapper.application; includeInIndex = 0; path = inVestCost.app; sourceTree = BUILT_PRODUCTS_DIR; };
		B5190A712711A7270037977D /* AppDelegate.swift */ = {isa = PBXFileReference; lastKnownFileType = sourcecode.swift; path = AppDelegate.swift; sourceTree = "<group>"; };
		B5190A732711A7270037977D /* SceneDelegate.swift */ = {isa = PBXFileReference; lastKnownFileType = sourcecode.swift; path = SceneDelegate.swift; sourceTree = "<group>"; };
		B5190A752711A7270037977D /* Launch.swift */ = {isa = PBXFileReference; lastKnownFileType = sourcecode.swift; path = Launch.swift; sourceTree = "<group>"; };
		B5190A782711A7270037977D /* Base */ = {isa = PBXFileReference; lastKnownFileType = file.storyboard; name = Base; path = Base.lproj/Launch.storyboard; sourceTree = "<group>"; };
		B5190A7A2711A72A0037977D /* Assets.xcassets */ = {isa = PBXFileReference; lastKnownFileType = folder.assetcatalog; path = Assets.xcassets; sourceTree = "<group>"; };
		B5190A7D2711A72A0037977D /* Base */ = {isa = PBXFileReference; lastKnownFileType = file.storyboard; name = Base; path = Base.lproj/LaunchScreen.storyboard; sourceTree = "<group>"; };
		B5190A7F2711A72A0037977D /* Info.plist */ = {isa = PBXFileReference; lastKnownFileType = text.plist.xml; path = Info.plist; sourceTree = "<group>"; };
		B5190A892711A9650037977D /* Geometria-Bold.ttf */ = {isa = PBXFileReference; lastKnownFileType = file; path = "Geometria-Bold.ttf"; sourceTree = "<group>"; };
		B5190A8B2711A9780037977D /* Geometria-Heavy.ttf */ = {isa = PBXFileReference; lastKnownFileType = file; path = "Geometria-Heavy.ttf"; sourceTree = "<group>"; };
		B5190A8D2711A9820037977D /* Geometria-Light.ttf */ = {isa = PBXFileReference; lastKnownFileType = file; path = "Geometria-Light.ttf"; sourceTree = "<group>"; };
		B5190A8F2711A98B0037977D /* Geometria-Medium.ttf */ = {isa = PBXFileReference; lastKnownFileType = file; path = "Geometria-Medium.ttf"; sourceTree = "<group>"; };
		B5190A912711A99C0037977D /* Geometria.ttf */ = {isa = PBXFileReference; lastKnownFileType = file; path = Geometria.ttf; sourceTree = "<group>"; };
		B5EA76A92711B64F00AD89C8 /* HomeScreen.swift */ = {isa = PBXFileReference; lastKnownFileType = sourcecode.swift; path = HomeScreen.swift; sourceTree = "<group>"; };
		B5EA76AB2711B66100AD89C8 /* HomeScreen.storyboard */ = {isa = PBXFileReference; lastKnownFileType = file.storyboard; path = HomeScreen.storyboard; sourceTree = "<group>"; };
		B5EA76AE2711B9CA00AD89C8 /* tv.json */ = {isa = PBXFileReference; fileEncoding = 4; lastKnownFileType = text.json; path = tv.json; sourceTree = "<group>"; };
		B5EA76B22711D26E00AD89C8 /* WhatIf.swift */ = {isa = PBXFileReference; lastKnownFileType = sourcecode.swift; path = WhatIf.swift; sourceTree = "<group>"; };
		B5EA76B42711D2A400AD89C8 /* WhatIf.storyboard */ = {isa = PBXFileReference; lastKnownFileType = file.storyboard; path = WhatIf.storyboard; sourceTree = "<group>"; };
		B5EA76B72711D94D00AD89C8 /* ModalView.swift */ = {isa = PBXFileReference; lastKnownFileType = sourcecode.swift; path = ModalView.swift; sourceTree = "<group>"; };
		B5EA76B92711DB5A00AD89C8 /* yeah.json */ = {isa = PBXFileReference; fileEncoding = 4; lastKnownFileType = text.json; path = yeah.json; sourceTree = "<group>"; };
		B5EA76BB2711DC4600AD89C8 /* Theme.swift */ = {isa = PBXFileReference; lastKnownFileType = sourcecode.swift; path = Theme.swift; sourceTree = "<group>"; };
		B5EA76BD2711E32B00AD89C8 /* DataProvider.swift */ = {isa = PBXFileReference; lastKnownFileType = sourcecode.swift; path = DataProvider.swift; sourceTree = "<group>"; };
		B5EA76BF2711F00500AD89C8 /* wrong.json */ = {isa = PBXFileReference; fileEncoding = 4; lastKnownFileType = text.json; path = wrong.json; sourceTree = "<group>"; };
		B5EA76C12711F93700AD89C8 /* error.json */ = {isa = PBXFileReference; fileEncoding = 4; lastKnownFileType = text.json; path = error.json; sourceTree = "<group>"; };
		DF778FD84AAAC7B99A3424D7 /* Pods-inVestCost.release.xcconfig */ = {isa = PBXFileReference; includeInIndex = 1; lastKnownFileType = text.xcconfig; name = "Pods-inVestCost.release.xcconfig"; path = "Target Support Files/Pods-inVestCost/Pods-inVestCost.release.xcconfig"; sourceTree = "<group>"; };
/* End PBXFileReference section */

/* Begin PBXFrameworksBuildPhase section */
		B5190A6B2711A7270037977D /* Frameworks */ = {
			isa = PBXFrameworksBuildPhase;
			buildActionMask = 2147483647;
			files = (
				79900C65FEA277D78CAF7B7C /* Pods_inVestCost.framework in Frameworks */,
			);
			runOnlyForDeploymentPostprocessing = 0;
		};
/* End PBXFrameworksBuildPhase section */

/* Begin PBXGroup section */
		47C1677B67FFA6C4DCC957EA /* Frameworks */ = {
			isa = PBXGroup;
			children = (
				836D81E6D99948E464848B8F /* Pods_inVestCost.framework */,
			);
			name = Frameworks;
			sourceTree = "<group>";
		};
		B5190A652711A7270037977D = {
			isa = PBXGroup;
			children = (
				B5190A702711A7270037977D /* inVestCost */,
				B5190A6F2711A7270037977D /* Products */,
				EA81B43BCA88A82095E19D87 /* Pods */,
				47C1677B67FFA6C4DCC957EA /* Frameworks */,
			);
			sourceTree = "<group>";
		};
		B5190A6F2711A7270037977D /* Products */ = {
			isa = PBXGroup;
			children = (
				B5190A6E2711A7270037977D /* inVestCost.app */,
			);
			name = Products;
			sourceTree = "<group>";
		};
		B5190A702711A7270037977D /* inVestCost */ = {
			isa = PBXGroup;
			children = (
				B5EA76B12711C89500AD89C8 /* Screens */,
				B5EA76B02711C65A00AD89C8 /* App */,
				B5190A862711A8A90037977D /* Resource */,
				B5190A7F2711A72A0037977D /* Info.plist */,
			);
			path = inVestCost;
			sourceTree = "<group>";
		};
		B5190A852711A73E0037977D /* Launch */ = {
			isa = PBXGroup;
			children = (
				B5190A752711A7270037977D /* Launch.swift */,
				B5190A772711A7270037977D /* Launch.storyboard */,
			);
			path = Launch;
			sourceTree = "<group>";
		};
		B5190A862711A8A90037977D /* Resource */ = {
			isa = PBXGroup;
			children = (
				B5EA76C12711F93700AD89C8 /* error.json */,
				B5EA76AE2711B9CA00AD89C8 /* tv.json */,
				B5EA76BF2711F00500AD89C8 /* wrong.json */,
				B5EA76B92711DB5A00AD89C8 /* yeah.json */,
				B5190A892711A9650037977D /* Geometria-Bold.ttf */,
				B5190A912711A99C0037977D /* Geometria.ttf */,
				B5190A8D2711A9820037977D /* Geometria-Light.ttf */,
				B5190A8F2711A98B0037977D /* Geometria-Medium.ttf */,
				B5190A8B2711A9780037977D /* Geometria-Heavy.ttf */,
				B5190A7A2711A72A0037977D /* Assets.xcassets */,
			);
			path = Resource;
			sourceTree = "<group>";
		};
		B5EA76AD2711B66B00AD89C8 /* HomeScreen */ = {
			isa = PBXGroup;
			children = (
				B5EA76A92711B64F00AD89C8 /* HomeScreen.swift */,
				B5EA76AB2711B66100AD89C8 /* HomeScreen.storyboard */,
			);
			path = HomeScreen;
			sourceTree = "<group>";
		};
		B5EA76B02711C65A00AD89C8 /* App */ = {
			isa = PBXGroup;
			children = (
				B5EA76B72711D94D00AD89C8 /* ModalView.swift */,
				B5190A7C2711A72A0037977D /* LaunchScreen.storyboard */,
				B5190A712711A7270037977D /* AppDelegate.swift */,
				B5EA76BB2711DC4600AD89C8 /* Theme.swift */,
				B5190A732711A7270037977D /* SceneDelegate.swift */,
			);
			path = App;
			sourceTree = "<group>";
		};
		B5EA76B12711C89500AD89C8 /* Screens */ = {
			isa = PBXGroup;
			children = (
				B5190A852711A73E0037977D /* Launch */,
				B5EA76AD2711B66B00AD89C8 /* HomeScreen */,
				B5EA76B62711D2A800AD89C8 /* WhatIf */,
			);
			path = Screens;
			sourceTree = "<group>";
		};
		B5EA76B62711D2A800AD89C8 /* WhatIf */ = {
			isa = PBXGroup;
			children = (
				B5EA76B22711D26E00AD89C8 /* WhatIf.swift */,
				B5EA76B42711D2A400AD89C8 /* WhatIf.storyboard */,
				B5EA76BD2711E32B00AD89C8 /* DataProvider.swift */,
			);
			path = WhatIf;
			sourceTree = "<group>";
		};
		EA81B43BCA88A82095E19D87 /* Pods */ = {
			isa = PBXGroup;
			children = (
				234EFBB5C696ABC7BE7D4119 /* Pods-inVestCost.debug.xcconfig */,
				DF778FD84AAAC7B99A3424D7 /* Pods-inVestCost.release.xcconfig */,
			);
			path = Pods;
			sourceTree = "<group>";
		};
/* End PBXGroup section */

/* Begin PBXNativeTarget section */
		B5190A6D2711A7270037977D /* inVestCost */ = {
			isa = PBXNativeTarget;
			buildConfigurationList = B5190A822711A72A0037977D /* Build configuration list for PBXNativeTarget "inVestCost" */;
			buildPhases = (
				95A63DCFDAF6F1EB72096CF8 /* [CP] Check Pods Manifest.lock */,
				B5190A6A2711A7270037977D /* Sources */,
				B5190A6B2711A7270037977D /* Frameworks */,
				B5190A6C2711A7270037977D /* Resources */,
				7273D90ADF1A00E7C763B863 /* [CP] Embed Pods Frameworks */,
			);
			buildRules = (
			);
			dependencies = (
			);
			name = inVestCost;
			productName = inVestCost;
			productReference = B5190A6E2711A7270037977D /* inVestCost.app */;
			productType = "com.apple.product-type.application";
		};
/* End PBXNativeTarget section */

/* Begin PBXProject section */
		B5190A662711A7270037977D /* Project object */ = {
			isa = PBXProject;
			attributes = {
				LastSwiftUpdateCheck = 1250;
				LastUpgradeCheck = 1250;
				TargetAttributes = {
					B5190A6D2711A7270037977D = {
						CreatedOnToolsVersion = 12.5.1;
					};
				};
			};
			buildConfigurationList = B5190A692711A7270037977D /* Build configuration list for PBXProject "inVestCost" */;
			compatibilityVersion = "Xcode 9.3";
			developmentRegion = en;
			hasScannedForEncodings = 0;
			knownRegions = (
				en,
				Base,
			);
			mainGroup = B5190A652711A7270037977D;
			productRefGroup = B5190A6F2711A7270037977D /* Products */;
			projectDirPath = "";
			projectRoot = "";
			targets = (
				B5190A6D2711A7270037977D /* inVestCost */,
			);
		};
/* End PBXProject section */

/* Begin PBXResourcesBuildPhase section */
		B5190A6C2711A7270037977D /* Resources */ = {
			isa = PBXResourcesBuildPhase;
			buildActionMask = 2147483647;
			files = (
				B5190A7E2711A72A0037977D /* LaunchScreen.storyboard in Resources */,
				B5190A8E2711A9820037977D /* Geometria-Light.ttf in Resources */,
				B5EA76B52711D2A400AD89C8 /* WhatIf.storyboard in Resources */,
				B5EA76AC2711B66100AD89C8 /* HomeScreen.storyboard in Resources */,
				B5EA76AF2711B9CA00AD89C8 /* tv.json in Resources */,
				B5EA76C02711F00500AD89C8 /* wrong.json in Resources */,
				B5EA76C22711F93700AD89C8 /* error.json in Resources */,
				B5190A902711A98B0037977D /* Geometria-Medium.ttf in Resources */,
				B5190A8A2711A9650037977D /* Geometria-Bold.ttf in Resources */,
				B5190A7B2711A72A0037977D /* Assets.xcassets in Resources */,
				B5EA76BA2711DB5A00AD89C8 /* yeah.json in Resources */,
				B5190A792711A7270037977D /* Launch.storyboard in Resources */,
				B5190A922711A99C0037977D /* Geometria.ttf in Resources */,
				B5190A8C2711A9780037977D /* Geometria-Heavy.ttf in Resources */,
			);
			runOnlyForDeploymentPostprocessing = 0;
		};
/* End PBXResourcesBuildPhase section */

/* Begin PBXShellScriptBuildPhase section */
		7273D90ADF1A00E7C763B863 /* [CP] Embed Pods Frameworks */ = {
			isa = PBXShellScriptBuildPhase;
			buildActionMask = 2147483647;
			files = (
			);
			inputFileListPaths = (
				"${PODS_ROOT}/Target Support Files/Pods-inVestCost/Pods-inVestCost-frameworks-${CONFIGURATION}-input-files.xcfilelist",
			);
			name = "[CP] Embed Pods Frameworks";
			outputFileListPaths = (
				"${PODS_ROOT}/Target Support Files/Pods-inVestCost/Pods-inVestCost-frameworks-${CONFIGURATION}-output-files.xcfilelist",
			);
			runOnlyForDeploymentPostprocessing = 0;
			shellPath = /bin/sh;
			shellScript = "\"${PODS_ROOT}/Target Support Files/Pods-inVestCost/Pods-inVestCost-frameworks.sh\"\n";
			showEnvVarsInLog = 0;
		};
		95A63DCFDAF6F1EB72096CF8 /* [CP] Check Pods Manifest.lock */ = {
			isa = PBXShellScriptBuildPhase;
			buildActionMask = 2147483647;
			files = (
			);
			inputFileListPaths = (
			);
			inputPaths = (
				"${PODS_PODFILE_DIR_PATH}/Podfile.lock",
				"${PODS_ROOT}/Manifest.lock",
			);
			name = "[CP] Check Pods Manifest.lock";
			outputFileListPaths = (
			);
			outputPaths = (
				"$(DERIVED_FILE_DIR)/Pods-inVestCost-checkManifestLockResult.txt",
			);
			runOnlyForDeploymentPostprocessing = 0;
			shellPath = /bin/sh;
			shellScript = "diff \"${PODS_PODFILE_DIR_PATH}/Podfile.lock\" \"${PODS_ROOT}/Manifest.lock\" > /dev/null\nif [ $? != 0 ] ; then\n    # print error to STDERR\n    echo \"error: The sandbox is not in sync with the Podfile.lock. Run 'pod install' or update your CocoaPods installation.\" >&2\n    exit 1\nfi\n# This output is used by Xcode 'outputs' to avoid re-running this script phase.\necho \"SUCCESS\" > \"${SCRIPT_OUTPUT_FILE_0}\"\n";
			showEnvVarsInLog = 0;
		};
/* End PBXShellScriptBuildPhase section */

/* Begin PBXSourcesBuildPhase section */
		B5190A6A2711A7270037977D /* Sources */ = {
			isa = PBXSourcesBuildPhase;
			buildActionMask = 2147483647;
			files = (
				B5EA76B82711D94D00AD89C8 /* ModalView.swift in Sources */,
				B5EA76B32711D26E00AD89C8 /* WhatIf.swift in Sources */,
				B5EA76BE2711E32B00AD89C8 /* DataProvider.swift in Sources */,
				B5EA76AA2711B64F00AD89C8 /* HomeScreen.swift in Sources */,
				B5190A762711A7270037977D /* Launch.swift in Sources */,
				B5190A722711A7270037977D /* AppDelegate.swift in Sources */,
				B5190A742711A7270037977D /* SceneDelegate.swift in Sources */,
				B5EA76BC2711DC4600AD89C8 /* Theme.swift in Sources */,
			);
			runOnlyForDeploymentPostprocessing = 0;
		};
/* End PBXSourcesBuildPhase section */

/* Begin PBXVariantGroup section */
		B5190A772711A7270037977D /* Launch.storyboard */ = {
			isa = PBXVariantGroup;
			children = (
				B5190A782711A7270037977D /* Base */,
			);
			name = Launch.storyboard;
			sourceTree = "<group>";
		};
		B5190A7C2711A72A0037977D /* LaunchScreen.storyboard */ = {
			isa = PBXVariantGroup;
			children = (
				B5190A7D2711A72A0037977D /* Base */,
			);
			name = LaunchScreen.storyboard;
			sourceTree = "<group>";
		};
/* End PBXVariantGroup section */

/* Begin XCBuildConfiguration section */
		B5190A802711A72A0037977D /* Debug */ = {
			isa = XCBuildConfiguration;
			buildSettings = {
				ALWAYS_SEARCH_USER_PATHS = NO;
				CLANG_ANALYZER_NONNULL = YES;
				CLANG_ANALYZER_NUMBER_OBJECT_CONVERSION = YES_AGGRESSIVE;
				CLANG_CXX_LANGUAGE_STANDARD = "gnu++14";
				CLANG_CXX_LIBRARY = "libc++";
				CLANG_ENABLE_MODULES = YES;
				CLANG_ENABLE_OBJC_ARC = YES;
				CLANG_ENABLE_OBJC_WEAK = YES;
				CLANG_WARN_BLOCK_CAPTURE_AUTORELEASING = YES;
				CLANG_WARN_BOOL_CONVERSION = YES;
				CLANG_WARN_COMMA = YES;
				CLANG_WARN_CONSTANT_CONVERSION = YES;
				CLANG_WARN_DEPRECATED_OBJC_IMPLEMENTATIONS = YES;
				CLANG_WARN_DIRECT_OBJC_ISA_USAGE = YES_ERROR;
				CLANG_WARN_DOCUMENTATION_COMMENTS = YES;
				CLANG_WARN_EMPTY_BODY = YES;
				CLANG_WARN_ENUM_CONVERSION = YES;
				CLANG_WARN_INFINITE_RECURSION = YES;
				CLANG_WARN_INT_CONVERSION = YES;
				CLANG_WARN_NON_LITERAL_NULL_CONVERSION = YES;
				CLANG_WARN_OBJC_IMPLICIT_RETAIN_SELF = YES;
				CLANG_WARN_OBJC_LITERAL_CONVERSION = YES;
				CLANG_WARN_OBJC_ROOT_CLASS = YES_ERROR;
				CLANG_WARN_QUOTED_INCLUDE_IN_FRAMEWORK_HEADER = YES;
				CLANG_WARN_RANGE_LOOP_ANALYSIS = YES;
				CLANG_WARN_STRICT_PROTOTYPES = YES;
				CLANG_WARN_SUSPICIOUS_MOVE = YES;
				CLANG_WARN_UNGUARDED_AVAILABILITY = YES_AGGRESSIVE;
				CLANG_WARN_UNREACHABLE_CODE = YES;
				CLANG_WARN__DUPLICATE_METHOD_MATCH = YES;
				COPY_PHASE_STRIP = NO;
				DEBUG_INFORMATION_FORMAT = dwarf;
				ENABLE_STRICT_OBJC_MSGSEND = YES;
				ENABLE_TESTABILITY = YES;
				GCC_C_LANGUAGE_STANDARD = gnu11;
				GCC_DYNAMIC_NO_PIC = NO;
				GCC_NO_COMMON_BLOCKS = YES;
				GCC_OPTIMIZATION_LEVEL = 0;
				GCC_PREPROCESSOR_DEFINITIONS = (
					"DEBUG=1",
					"$(inherited)",
				);
				GCC_WARN_64_TO_32_BIT_CONVERSION = YES;
				GCC_WARN_ABOUT_RETURN_TYPE = YES_ERROR;
				GCC_WARN_UNDECLARED_SELECTOR = YES;
				GCC_WARN_UNINITIALIZED_AUTOS = YES_AGGRESSIVE;
				GCC_WARN_UNUSED_FUNCTION = YES;
				GCC_WARN_UNUSED_VARIABLE = YES;
				IPHONEOS_DEPLOYMENT_TARGET = 14.5;
				MTL_ENABLE_DEBUG_INFO = INCLUDE_SOURCE;
				MTL_FAST_MATH = YES;
				ONLY_ACTIVE_ARCH = YES;
				SDKROOT = iphoneos;
				SWIFT_ACTIVE_COMPILATION_CONDITIONS = DEBUG;
				SWIFT_OPTIMIZATION_LEVEL = "-Onone";
			};
			name = Debug;
		};
		B5190A812711A72A0037977D /* Release */ = {
			isa = XCBuildConfiguration;
			buildSettings = {
				ALWAYS_SEARCH_USER_PATHS = NO;
				CLANG_ANALYZER_NONNULL = YES;
				CLANG_ANALYZER_NUMBER_OBJECT_CONVERSION = YES_AGGRESSIVE;
				CLANG_CXX_LANGUAGE_STANDARD = "gnu++14";
				CLANG_CXX_LIBRARY = "libc++";
				CLANG_ENABLE_MODULES = YES;
				CLANG_ENABLE_OBJC_ARC = YES;
				CLANG_ENABLE_OBJC_WEAK = YES;
				CLANG_WARN_BLOCK_CAPTURE_AUTORELEASING = YES;
				CLANG_WARN_BOOL_CONVERSION = YES;
				CLANG_WARN_COMMA = YES;
				CLANG_WARN_CONSTANT_CONVERSION = YES;
				CLANG_WARN_DEPRECATED_OBJC_IMPLEMENTATIONS = YES;
				CLANG_WARN_DIRECT_OBJC_ISA_USAGE = YES_ERROR;
				CLANG_WARN_DOCUMENTATION_COMMENTS = YES;
				CLANG_WARN_EMPTY_BODY = YES;
				CLANG_WARN_ENUM_CONVERSION = YES;
				CLANG_WARN_INFINITE_RECURSION = YES;
				CLANG_WARN_INT_CONVERSION = YES;
				CLANG_WARN_NON_LITERAL_NULL_CONVERSION = YES;
				CLANG_WARN_OBJC_IMPLICIT_RETAIN_SELF = YES;
				CLANG_WARN_OBJC_LITERAL_CONVERSION = YES;
				CLANG_WARN_OBJC_ROOT_CLASS = YES_ERROR;
				CLANG_WARN_QUOTED_INCLUDE_IN_FRAMEWORK_HEADER = YES;
				CLANG_WARN_RANGE_LOOP_ANALYSIS = YES;
				CLANG_WARN_STRICT_PROTOTYPES = YES;
				CLANG_WARN_SUSPICIOUS_MOVE = YES;
				CLANG_WARN_UNGUARDED_AVAILABILITY = YES_AGGRESSIVE;
				CLANG_WARN_UNREACHABLE_CODE = YES;
				CLANG_WARN__DUPLICATE_METHOD_MATCH = YES;
				COPY_PHASE_STRIP = NO;
				DEBUG_INFORMATION_FORMAT = "dwarf-with-dsym";
				ENABLE_NS_ASSERTIONS = NO;
				ENABLE_STRICT_OBJC_MSGSEND = YES;
				GCC_C_LANGUAGE_STANDARD = gnu11;
				GCC_NO_COMMON_BLOCKS = YES;
				GCC_WARN_64_TO_32_BIT_CONVERSION = YES;
				GCC_WARN_ABOUT_RETURN_TYPE = YES_ERROR;
				GCC_WARN_UNDECLARED_SELECTOR = YES;
				GCC_WARN_UNINITIALIZED_AUTOS = YES_AGGRESSIVE;
				GCC_WARN_UNUSED_FUNCTION = YES;
				GCC_WARN_UNUSED_VARIABLE = YES;
				IPHONEOS_DEPLOYMENT_TARGET = 14.5;
				MTL_ENABLE_DEBUG_INFO = NO;
				MTL_FAST_MATH = YES;
				SDKROOT = iphoneos;
				SWIFT_COMPILATION_MODE = wholemodule;
				SWIFT_OPTIMIZATION_LEVEL = "-O";
				VALIDATE_PRODUCT = YES;
			};
			name = Release;
		};
		B5190A832711A72A0037977D /* Debug */ = {
			isa = XCBuildConfiguration;
			baseConfigurationReference = 234EFBB5C696ABC7BE7D4119 /* Pods-inVestCost.debug.xcconfig */;
			buildSettings = {
				ASSETCATALOG_COMPILER_APPICON_NAME = AppIcon;
				ASSETCATALOG_COMPILER_GLOBAL_ACCENT_COLOR_NAME = AccentColor;
				CODE_SIGN_STYLE = Automatic;
				DEVELOPMENT_TEAM = 4DQD7HY3MS;
				INFOPLIST_FILE = inVestCost/Info.plist;
				LD_RUNPATH_SEARCH_PATHS = (
					"$(inherited)",
					"@executable_path/Frameworks",
				);
				PRODUCT_BUNDLE_IDENTIFIER = mustdev.inVestCost;
				PRODUCT_NAME = "$(TARGET_NAME)";
				SWIFT_VERSION = 5.0;
				TARGETED_DEVICE_FAMILY = "1,2";
			};
			name = Debug;
		};
		B5190A842711A72A0037977D /* Release */ = {
			isa = XCBuildConfiguration;
			baseConfigurationReference = DF778FD84AAAC7B99A3424D7 /* Pods-inVestCost.release.xcconfig */;
			buildSettings = {
				ASSETCATALOG_COMPILER_APPICON_NAME = AppIcon;
				ASSETCATALOG_COMPILER_GLOBAL_ACCENT_COLOR_NAME = AccentColor;
				CODE_SIGN_STYLE = Automatic;
				DEVELOPMENT_TEAM = 4DQD7HY3MS;
				INFOPLIST_FILE = inVestCost/Info.plist;
				LD_RUNPATH_SEARCH_PATHS = (
					"$(inherited)",
					"@executable_path/Frameworks",
				);
				PRODUCT_BUNDLE_IDENTIFIER = mustdev.inVestCost;
				PRODUCT_NAME = "$(TARGET_NAME)";
				SWIFT_VERSION = 5.0;
				TARGETED_DEVICE_FAMILY = "1,2";
			};
			name = Release;
		};
/* End XCBuildConfiguration section */

/* Begin XCConfigurationList section */
		B5190A692711A7270037977D /* Build configuration list for PBXProject "inVestCost" */ = {
			isa = XCConfigurationList;
			buildConfigurations = (
				B5190A802711A72A0037977D /* Debug */,
				B5190A812711A72A0037977D /* Release */,
			);
			defaultConfigurationIsVisible = 0;
			defaultConfigurationName = Release;
		};
		B5190A822711A72A0037977D /* Build configuration list for PBXNativeTarget "inVestCost" */ = {
			isa = XCConfigurationList;
			buildConfigurations = (
				B5190A832711A72A0037977D /* Debug */,
				B5190A842711A72A0037977D /* Release */,
			);
			defaultConfigurationIsVisible = 0;
			defaultConfigurationName = Release;
		};
/* End XCConfigurationList section */
	};
	rootObject = B5190A662711A7270037977D /* Project object */;
}
